
Microsoft Visual Studio Solution File, Format Version 12.00
# Visual Studio Version 17
VisualStudioVersion = 17.8.34601.278
MinimumVisualStudioVersion = 10.0.40219.1
Project("{FAE04EC0-301F-11D3-BF4B-00C04F79EFBC}") = "CustomException", "CustomException\CustomException.csproj", "{8D6D84E5-A5FC-4545-8536-967FCC329BE9}"
EndProject
Global
	GlobalSection(SolutionConfigurationPlatforms) = preSolution
		Debug|Any CPU = Debug|Any CPU
		Release|Any CPU = Release|Any CPU
	EndGlobalSection
	GlobalSection(ProjectConfigurationPlatforms) = postSolution
		{8D6D84E5-A5FC-4545-8536-967FCC329BE9}.Debug|Any CPU.ActiveCfg = Debug|Any CPU
		{8D6D84E5-A5FC-4545-8536-967FCC329BE9}.Debug|Any CPU.Build.0 = Debug|Any CPU
		{8D6D84E5-A5FC-4545-8536-967FCC329BE9}.Release|Any CPU.ActiveCfg = Release|Any CPU
		{8D6D84E5-A5FC-4545-8536-967FCC329BE9}.Release|Any CPU.Build.0 = Release|Any CPU
	EndGlobalSection
	GlobalSection(SolutionProperties) = preSolution
		HideSolutionNode = FALSE
	EndGlobalSection
	GlobalSection(ExtensibilityGlobals) = postSolution
		SolutionGuid = {600F7339-9EC1-450B-B54A-00B17EF1B71C}
	EndGlobalSection
EndGlobal
